
Microsoft Visual Studio Solution File, Format Version 12.00
# Visual Studio Version 16
VisualStudioVersion = 16.0.29009.5
MinimumVisualStudioVersion = 10.0.40219.1
Project("{FAE04EC0-301F-11D3-BF4B-00C04F79EFBC}") = "TestAppClient", "TestAppClient\TestAppClient.csproj", "{1FE55021-DC54-4305-AF6A-2A860F5D69FC}"
EndProject
Global
	GlobalSection(SolutionConfigurationPlatforms) = preSolution
		Debug|Any CPU = Debug|Any CPU
		Release|Any CPU = Release|Any CPU
	EndGlobalSection
	GlobalSection(ProjectConfigurationPlatforms) = postSolution
		{1FE55021-DC54-4305-AF6A-2A860F5D69FC}.Debug|Any CPU.ActiveCfg = Debug|Any CPU
		{1FE55021-DC54-4305-AF6A-2A860F5D69FC}.Debug|Any CPU.Build.0 = Debug|Any CPU
		{1FE55021-DC54-4305-AF6A-2A860F5D69FC}.Release|Any CPU.ActiveCfg = Release|Any CPU
		{1FE55021-DC54-4305-AF6A-2A860F5D69FC}.Release|Any CPU.Build.0 = Release|Any CPU
	EndGlobalSection
	GlobalSection(SolutionProperties) = preSolution
		HideSolutionNode = FALSE
	EndGlobalSection
	GlobalSection(ExtensibilityGlobals) = postSolution
		SolutionGuid = {551F9637-BF8B-474E-8ACD-A79406999600}
	EndGlobalSection
EndGlobal
